{
  "version": 4,
  "terraform_version": "1.1.7",
  "serial": 7,
  "lineage": "84273927-baf8-4bb3-4cd6-c6db6eb21fd6",
  "outputs": {},
  "resources": [
    {
      "mode": "managed",
      "type": "google_container_cluster",
      "name": "primary",
      "provider": "provider[\"registry.terraform.io/hashicorp/google\"]",
      "instances": [
        {
          "schema_version": 1,
          "attributes": {
            "addons_config": [
              {
                "cloudrun_config": [],
                "horizontal_pod_autoscaling": [],
                "http_load_balancing": [],
                "network_policy_config": [
                  {
                    "disabled": true
                  }
                ]
              }
            ],
            "authenticator_groups_config": [],
            "cluster_autoscaling": [
              {
                "auto_provisioning_defaults": [
                  {
                    "oauth_scopes": [
                      "https://www.googleapis.com/auth/devstorage.read_only",
                      "https://www.googleapis.com/auth/logging.write",
                      "https://www.googleapis.com/auth/monitoring",
                      "https://www.googleapis.com/auth/service.management.readonly",
                      "https://www.googleapis.com/auth/servicecontrol",
                      "https://www.googleapis.com/auth/trace.append"
                    ],
                    "service_account": "default"
                  }
                ],
                "enabled": true,
                "resource_limits": [
                  {
                    "maximum": 1000000000,
                    "minimum": 0,
                    "resource_type": "cpu"
                  },
                  {
                    "maximum": 1000000000,
                    "minimum": 0,
                    "resource_type": "memory"
                  }
                ]
              }
            ],
            "cluster_ipv4_cidr": "10.24.128.0/17",
            "confidential_nodes": [],
            "database_encryption": [
              {
                "key_name": "",
                "state": "DECRYPTED"
              }
            ],
            "datapath_provider": "ADVANCED_DATAPATH",
            "default_max_pods_per_node": 110,
            "default_snat_status": [
              {
                "disabled": false
              }
            ],
            "description": "",
            "enable_autopilot": true,
            "enable_binary_authorization": false,
            "enable_intranode_visibility": true,
            "enable_kubernetes_alpha": false,
            "enable_legacy_abac": false,
            "enable_shielded_nodes": true,
            "enable_tpu": false,
            "endpoint": "34.105.172.214",
            "id": "projects/vibrant-reach-354209/locations/europe-west2/clusters/vibrant-reach-354209-gke",
            "initial_node_count": 1,
            "ip_allocation_policy": [
              {
                "cluster_ipv4_cidr_block": "10.24.128.0/17",
                "cluster_secondary_range_name": "gke-vibrant-reach-354209-gke-pods-a5921064",
                "services_ipv4_cidr_block": "10.25.0.0/22",
                "services_secondary_range_name": "gke-vibrant-reach-354209-gke-services-a5921064"
              }
            ],
            "label_fingerprint": "a9dc16a7",
            "location": "europe-west2",
            "logging_config": [
              {
                "enable_components": [
                  "SYSTEM_COMPONENTS",
                  "WORKLOADS"
                ]
              }
            ],
            "logging_service": "logging.googleapis.com/kubernetes",
            "maintenance_policy": [],
            "master_auth": [
              {
                "client_certificate": "",
                "client_certificate_config": [
                  {
                    "issue_client_certificate": false
                  }
                ],
                "client_key": "",
                "cluster_ca_certificate": "LS0tLS1CRUdJTiBDRVJUSUZJQ0FURS0tLS0tCk1JSUVMVENDQXBXZ0F3SUJBZ0lSQU50K1llU3RqdUQvd3ErdTBRdGhZWWd3RFFZSktvWklodmNOQVFFTEJRQXcKTHpFdE1Dc0dBMVVFQXhNa05ERmpPRE0zWmpJdE9USTNPQzAwT1dNekxUZ3hObVF0TXpRd016bGpOVFZtTW1JegpNQ0FYRFRJeU1EWXlNekV4TkRJek1Wb1lEekl3TlRJd05qRTFNVEkwTWpNeFdqQXZNUzB3S3dZRFZRUURFeVEwCk1XTTRNemRtTWkwNU1qYzRMVFE1WXpNdE9ERTJaQzB6TkRBek9XTTFOV1l5WWpNd2dnR2lNQTBHQ1NxR1NJYjMKRFFFQkFRVUFBNElCandBd2dnR0tBb0lCZ1FDWk5sUVhZekdkMGRJN3lNWlpEUGRKR212d0kvNzUwVjdpd1c0awpSVzEvTE1iaVllYXYveVVpcFBsaExGMVZaam1HVTNQQTM0cE5pejRUV0YzZWVlN2c0S3ZuVEplOGFXOVYzSEEwCkNYemJnYlEzdkhyRmZOenB2bkdsREZqSkNzV25nWGdTMTQ4MFdFWnVnN3N1eXJnN3E2b2ppc1M3b01lcU5Xb3UKQWdGaGVvdVE3a0FIbk5GSVFiWWRCVTZ0WVZlSWE2U3RRTWppSmNWVTFxdy9IeG02dkN2SFN4eHdSSzVQNktJbQpNUWQ3T2VVK0I3T1psTVpVcWtQUkNkRnZCRWlLcVVSSkd3cTRvOG8vcTE2amJCUFlUblg3UENaK2RWelMybldoCnVlZ0dOYVR5YzFsdHE3a1cvVlpNZDdhMVhCQkl1QU02T2pST25qMkFQbVMxU1R0c3hOZUhZY2twWVNzL2pWSloKOEVldTIyTnd4RDBWekx3QTBYTHNyc2FLNG00RlRtQkdwaFcycENubUY5bHZHdER0TVhSQmtLVUZ0Y3M2a3hBSApXZ3FEdlJvSitUNm5uY21IbG5lVTV5ckNYUmRwbzVWeEtLL2FtQlUzRUMxTEJqQm1kVi9WRjNoUm10eHZ6TDFtCmZFSDlSNXlERStZUDBXVGlwSUR3V3VjRDJEOENBd0VBQWFOQ01FQXdEZ1lEVlIwUEFRSC9CQVFEQWdJRU1BOEcKQTFVZEV3RUIvd1FGTUFNQkFmOHdIUVlEVlIwT0JCWUVGTk1OSTJtTmpuaEhlZ2c3aUduRnRGN2lXeDZ4TUEwRwpDU3FHU0liM0RRRUJDd1VBQTRJQmdRQVZRY0paQ2Y4NTFwRnJHOVZEcTY2MmVFSlpBNDNGb2hGQldDUERwL0EyCkp1MDBQTFlIeVMwcXNoTVNwdmdoaWtpR2RpSzFMekhMQkgyWTQ4YWw5ZHNwaHdBYkR3WVJJMVFYbTB4YXAxV0MKSjdkcEdzYkNVVzNhMjQvajZvSkhTWGJlWVpwa0xKdmRQWVhJWmdxMUVLWVFXaGI1NHpnUmtqK3VWWElWbEZFbgpaaFh0Q09qai9qTlB2WVBJSEx6NWthUlh6RW5MN3lCbS96Ky82L21UelRid2hqUTVtL0Q4OWkrYTRrMnRyOEJPCkEwcVlRV3VtYzZvVHZGWlk1SmI4cURVbC85THZ5YUdQRWczNXhDbWVXKzBRbzluczR6OUNHQ0hSSW4yMERIb00KZ0hrTHZyUDRSOGt6SGd5L1dJS0xBMkRPNzFLRU5HYktoeDNQVGpsS1hoRCtSOTgwelhPU083N0pwb1R0ZWthdAo2c29uZzQ2Ym9jV3BrMHlrRWt2Q1JHTDFJVjg2Sk5oUGVhMFc2TERyM3ZTR29QWDliOVZmMUErcGxJek1GRG9CCkMya2tlNGhvM0ZIdGJ3T3pSWmZGS2NicEpqNDFQN0tTeEF0U2xDbTFCcWFzTmwxQVlCNVF6NDIwZDI3ckVrSUwKeGZvS1Z6ZFllYTVWMm0vbU9kL3dDcWs9Ci0tLS0tRU5EIENFUlRJRklDQVRFLS0tLS0K"
              }
            ],
            "master_authorized_networks_config": [],
            "master_version": "1.22.8-gke.202",
            "min_master_version": null,
            "monitoring_config": [
              {
                "enable_components": [
                  "SYSTEM_COMPONENTS"
                ]
              }
            ],
            "monitoring_service": "monitoring.googleapis.com/kubernetes",
            "name": "vibrant-reach-354209-gke",
            "network": "projects/vibrant-reach-354209/global/networks/default",
            "network_policy": [
              {
                "enabled": false,
                "provider": "PROVIDER_UNSPECIFIED"
              }
            ],
            "networking_mode": "VPC_NATIVE",
            "node_config": [
              {
                "disk_size_gb": 100,
                "disk_type": "pd-standard",
                "gcfs_config": [],
                "guest_accelerator": [],
                "image_type": "COS_CONTAINERD",
                "labels": {},
                "local_ssd_count": 0,
                "machine_type": "e2-medium",
                "metadata": {
                  "disable-legacy-endpoints": "true"
                },
                "min_cpu_platform": "",
                "node_group": "",
                "oauth_scopes": [
                  "https://www.googleapis.com/auth/devstorage.read_only",
                  "https://www.googleapis.com/auth/logging.write",
                  "https://www.googleapis.com/auth/monitoring",
                  "https://www.googleapis.com/auth/service.management.readonly",
                  "https://www.googleapis.com/auth/servicecontrol",
                  "https://www.googleapis.com/auth/trace.append"
                ],
                "preemptible": false,
                "service_account": "default",
                "shielded_instance_config": [
                  {
                    "enable_integrity_monitoring": true,
                    "enable_secure_boot": true
                  }
                ],
                "tags": [],
                "taint": [],
                "workload_metadata_config": [
                  {
                    "mode": "GKE_METADATA"
                  }
                ]
              }
            ],
            "node_locations": [
              "europe-west2-a",
              "europe-west2-b",
              "europe-west2-c"
            ],
            "node_pool": [
              {
                "autoscaling": [
                  {
                    "max_node_count": 1000,
                    "min_node_count": 0
                  }
                ],
                "initial_node_count": 1,
                "instance_group_urls": [],
                "managed_instance_group_urls": [],
                "management": [
                  {
                    "auto_repair": true,
                    "auto_upgrade": true
                  }
                ],
                "max_pods_per_node": 32,
                "name": "default-pool",
                "name_prefix": "",
                "node_config": [
                  {
                    "disk_size_gb": 100,
                    "disk_type": "pd-standard",
                    "gcfs_config": [],
                    "guest_accelerator": [],
                    "image_type": "COS_CONTAINERD",
                    "labels": {},
                    "local_ssd_count": 0,
                    "machine_type": "e2-medium",
                    "metadata": {
                      "disable-legacy-endpoints": "true"
                    },
                    "min_cpu_platform": "",
                    "node_group": "",
                    "oauth_scopes": [
                      "https://www.googleapis.com/auth/devstorage.read_only",
                      "https://www.googleapis.com/auth/logging.write",
                      "https://www.googleapis.com/auth/monitoring",
                      "https://www.googleapis.com/auth/service.management.readonly",
                      "https://www.googleapis.com/auth/servicecontrol",
                      "https://www.googleapis.com/auth/trace.append"
                    ],
                    "preemptible": false,
                    "service_account": "default",
                    "shielded_instance_config": [
                      {
                        "enable_integrity_monitoring": true,
                        "enable_secure_boot": true
                      }
                    ],
                    "tags": [],
                    "taint": [],
                    "workload_metadata_config": [
                      {
                        "mode": "GKE_METADATA"
                      }
                    ]
                  }
                ],
                "node_count": 0,
                "node_locations": [
                  "europe-west2-b",
                  "europe-west2-c"
                ],
                "upgrade_settings": [
                  {
                    "max_surge": 1,
                    "max_unavailable": 0
                  }
                ],
                "version": "1.22.8-gke.202"
              }
            ],
            "node_version": "1.22.8-gke.202",
            "operation": null,
            "private_cluster_config": [],
            "private_ipv6_google_access": "",
            "project": "vibrant-reach-354209",
            "release_channel": [
              {
                "channel": "REGULAR"
              }
            ],
            "remove_default_node_pool": null,
            "resource_labels": null,
            "resource_usage_export_config": [],
            "self_link": "https://container.googleapis.com/v1/projects/vibrant-reach-354209/locations/europe-west2/clusters/vibrant-reach-354209-gke",
            "services_ipv4_cidr": "10.25.0.0/22",
            "subnetwork": "projects/vibrant-reach-354209/regions/europe-west2/subnetworks/default",
            "timeouts": null,
            "tpu_ipv4_cidr_block": "",
            "vertical_pod_autoscaling": [
              {
                "enabled": true
              }
            ],
            "workload_identity_config": [
              {
                "workload_pool": "vibrant-reach-354209.svc.id.goog"
              }
            ]
          },
          "sensitive_attributes": [],
          "private": "eyJlMmJmYjczMC1lY2FhLTExZTYtOGY4OC0zNDM2M2JjN2M0YzAiOnsiY3JlYXRlIjoyNDAwMDAwMDAwMDAwLCJkZWxldGUiOjI0MDAwMDAwMDAwMDAsInJlYWQiOjI0MDAwMDAwMDAwMDAsInVwZGF0ZSI6MzYwMDAwMDAwMDAwMH0sInNjaGVtYV92ZXJzaW9uIjoiMSJ9"
        }
      ]
    }
  ]
}
